// !$*UTF8*$!
{
	archiveVersion = 1;
	classes = {
	};
	objectVersion = 56;
	objects = {

/* Begin PBXBuildFile section */
		092210862A5FA23400A3D0C8 /* page2.swift in Sources */ = {isa = PBXBuildFile; fileRef = 092210852A5FA23400A3D0C8 /* page2.swift */; };
		09923D992A5E0D2200D69651 /* esteeLauderApp.swift in Sources */ = {isa = PBXBuildFile; fileRef = 09923D982A5E0D2200D69651 /* esteeLauderApp.swift */; };
		09923D9B2A5E0D2200D69651 /* ContentView.swift in Sources */ = {isa = PBXBuildFile; fileRef = 09923D9A2A5E0D2200D69651 /* ContentView.swift */; };
		09923D9D2A5E0D2400D69651 /* Assets.xcassets in Resources */ = {isa = PBXBuildFile; fileRef = 09923D9C2A5E0D2400D69651 /* Assets.xcassets */; };
		09923DA02A5E0D2400D69651 /* Preview Assets.xcassets in Resources */ = {isa = PBXBuildFile; fileRef = 09923D9F2A5E0D2400D69651 /* Preview Assets.xcassets */; };
		09923DAA2A5E0D2400D69651 /* esteeLauderTests.swift in Sources */ = {isa = PBXBuildFile; fileRef = 09923DA92A5E0D2400D69651 /* esteeLauderTests.swift */; };
		09923DB42A5E0D2400D69651 /* esteeLauderUITests.swift in Sources */ = {isa = PBXBuildFile; fileRef = 09923DB32A5E0D2400D69651 /* esteeLauderUITests.swift */; };
		09923DB62A5E0D2400D69651 /* esteeLauderUITestsLaunchTests.swift in Sources */ = {isa = PBXBuildFile; fileRef = 09923DB52A5E0D2400D69651 /* esteeLauderUITestsLaunchTests.swift */; };
/* End PBXBuildFile section */

/* Begin PBXContainerItemProxy section */
		09923DA62A5E0D2400D69651 /* PBXContainerItemProxy */ = {
			isa = PBXContainerItemProxy;
			containerPortal = 09923D8D2A5E0D2200D69651 /* Project object */;
			proxyType = 1;
			remoteGlobalIDString = 09923D942A5E0D2200D69651;
			remoteInfo = esteeLauder;
		};
		09923DB02A5E0D2400D69651 /* PBXContainerItemProxy */ = {
			isa = PBXContainerItemProxy;
			containerPortal = 09923D8D2A5E0D2200D69651 /* Project object */;
			proxyType = 1;
			remoteGlobalIDString = 09923D942A5E0D2200D69651;
			remoteInfo = esteeLauder;
		};
/* End PBXContainerItemProxy section */

/* Begin PBXFileReference section */
		092210852A5FA23400A3D0C8 /* page2.swift */ = {isa = PBXFileReference; lastKnownFileType = sourcecode.swift; path = page2.swift; sourceTree = "<group>"; };
		09923D952A5E0D2200D69651 /* esteeLauder.app */ = {isa = PBXFileReference; explicitFileType = wrapper.application; includeInIndex = 0; path = esteeLauder.app; sourceTree = BUILT_PRODUCTS_DIR; };
		09923D982A5E0D2200D69651 /* esteeLauderApp.swift */ = {isa = PBXFileReference; lastKnownFileType = sourcecode.swift; path = esteeLauderApp.swift; sourceTree = "<group>"; };
		09923D9A2A5E0D2200D69651 /* ContentView.swift */ = {isa = PBXFileReference; lastKnownFileType = sourcecode.swift; path = ContentView.swift; sourceTree = "<group>"; };
		09923D9C2A5E0D2400D69651 /* Assets.xcassets */ = {isa = PBXFileReference; lastKnownFileType = folder.assetcatalog; path = Assets.xcassets; sourceTree = "<group>"; };
		09923D9F2A5E0D2400D69651 /* Preview Assets.xcassets */ = {isa = PBXFileReference; lastKnownFileType = folder.assetcatalog; path = "Preview Assets.xcassets"; sourceTree = "<group>"; };
		09923DA52A5E0D2400D69651 /* esteeLauderTests.xctest */ = {isa = PBXFileReference; explicitFileType = wrapper.cfbundle; includeInIndex = 0; path = esteeLauderTests.xctest; sourceTree = BUILT_PRODUCTS_DIR; };
		09923DA92A5E0D2400D69651 /* esteeLauderTests.swift */ = {isa = PBXFileReference; lastKnownFileType = sourcecode.swift; path = esteeLauderTests.swift; sourceTree = "<group>"; };
		09923DAF2A5E0D2400D69651 /* esteeLauderUITests.xctest */ = {isa = PBXFileReference; explicitFileType = wrapper.cfbundle; includeInIndex = 0; path = esteeLauderUITests.xctest; sourceTree = BUILT_PRODUCTS_DIR; };
		09923DB32A5E0D2400D69651 /* esteeLauderUITests.swift */ = {isa = PBXFileReference; lastKnownFileType = sourcecode.swift; path = esteeLauderUITests.swift; sourceTree = "<group>"; };
		09923DB52A5E0D2400D69651 /* esteeLauderUITestsLaunchTests.swift */ = {isa = PBXFileReference; lastKnownFileType = sourcecode.swift; path = esteeLauderUITestsLaunchTests.swift; sourceTree = "<group>"; };
/* End PBXFileReference section */

/* Begin PBXFrameworksBuildPhase section */
		09923D922A5E0D2200D69651 /* Frameworks */ = {
			isa = PBXFrameworksBuildPhase;
			buildActionMask = 2147483647;
			files = (
			);
			runOnlyForDeploymentPostprocessing = 0;
		};
		09923DA22A5E0D2400D69651 /* Frameworks */ = {
			isa = PBXFrameworksBuildPhase;
			buildActionMask = 2147483647;
			files = (
			);
			runOnlyForDeploymentPostprocessing = 0;
		};
		09923DAC2A5E0D2400D69651 /* Frameworks */ = {
			isa = PBXFrameworksBuildPhase;
			buildActionMask = 2147483647;
			files = (
			);
			runOnlyForDeploymentPostprocessing = 0;
		};
/* End PBXFrameworksBuildPhase section */

/* Begin PBXGroup section */
		09923D8C2A5E0D2200D69651 = {
			isa = PBXGroup;
			children = (
				09923D972A5E0D2200D69651 /* esteeLauder */,
				09923DA82A5E0D2400D69651 /* esteeLauderTests */,
				09923DB22A5E0D2400D69651 /* esteeLauderUITests */,
				09923D962A5E0D2200D69651 /* Products */,
			);
			sourceTree = "<group>";
		};
		09923D962A5E0D2200D69651 /* Products */ = {
			isa = PBXGroup;
			children = (
				09923D952A5E0D2200D69651 /* esteeLauder.app */,
				09923DA52A5E0D2400D69651 /* esteeLauderTests.xctest */,
				09923DAF2A5E0D2400D69651 /* esteeLauderUITests.xctest */,
			);
			name = Products;
			sourceTree = "<group>";
		};
		09923D972A5E0D2200D69651 /* esteeLauder */ = {
			isa = PBXGroup;
			children = (
				09923D982A5E0D2200D69651 /* esteeLauderApp.swift */,
				09923D9A2A5E0D2200D69651 /* ContentView.swift */,
				092210852A5FA23400A3D0C8 /* page2.swift */,
				09923D9C2A5E0D2400D69651 /* Assets.xcassets */,
				09923D9E2A5E0D2400D69651 /* Preview Content */,
			);
			path = esteeLauder;
			sourceTree = "<group>";
		};
		09923D9E2A5E0D2400D69651 /* Preview Content */ = {
			isa = PBXGroup;
			children = (
				09923D9F2A5E0D2400D69651 /* Preview Assets.xcassets */,
			);
			path = "Preview Content";
			sourceTree = "<group>";
		};
		09923DA82A5E0D2400D69651 /* esteeLauderTests */ = {
			isa = PBXGroup;
			children = (
				09923DA92A5E0D2400D69651 /* esteeLauderTests.swift */,
			);
			path = esteeLauderTests;
			sourceTree = "<group>";
		};
		09923DB22A5E0D2400D69651 /* esteeLauderUITests */ = {
			isa = PBXGroup;
			children = (
				09923DB32A5E0D2400D69651 /* esteeLauderUITests.swift */,
				09923DB52A5E0D2400D69651 /* esteeLauderUITestsLaunchTests.swift */,
			);
			path = esteeLauderUITests;
			sourceTree = "<group>";
		};
/* End PBXGroup section */

/* Begin PBXNativeTarget section */
		09923D942A5E0D2200D69651 /* esteeLauder */ = {
			isa = PBXNativeTarget;
			buildConfigurationList = 09923DB92A5E0D2400D69651 /* Build configuration list for PBXNativeTarget "esteeLauder" */;
			buildPhases = (
				09923D912A5E0D2200D69651 /* Sources */,
				09923D922A5E0D2200D69651 /* Frameworks */,
				09923D932A5E0D2200D69651 /* Resources */,
			);
			buildRules = (
			);
			dependencies = (
			);
			name = esteeLauder;
			productName = esteeLauder;
			productReference = 09923D952A5E0D2200D69651 /* esteeLauder.app */;
			productType = "com.apple.product-type.application";
		};
		09923DA42A5E0D2400D69651 /* esteeLauderTests */ = {
			isa = PBXNativeTarget;
			buildConfigurationList = 09923DBC2A5E0D2400D69651 /* Build configuration list for PBXNativeTarget "esteeLauderTests" */;
			buildPhases = (
				09923DA12A5E0D2400D69651 /* Sources */,
				09923DA22A5E0D2400D69651 /* Frameworks */,
				09923DA32A5E0D2400D69651 /* Resources */,
			);
			buildRules = (
			);
			dependencies = (
				09923DA72A5E0D2400D69651 /* PBXTargetDependency */,
			);
			name = esteeLauderTests;
			productName = esteeLauderTests;
			productReference = 09923DA52A5E0D2400D69651 /* esteeLauderTests.xctest */;
			productType = "com.apple.product-type.bundle.unit-test";
		};
		09923DAE2A5E0D2400D69651 /* esteeLauderUITests */ = {
			isa = PBXNativeTarget;
			buildConfigurationList = 09923DBF2A5E0D2400D69651 /* Build configuration list for PBXNativeTarget "esteeLauderUITests" */;
			buildPhases = (
				09923DAB2A5E0D2400D69651 /* Sources */,
				09923DAC2A5E0D2400D69651 /* Frameworks */,
				09923DAD2A5E0D2400D69651 /* Resources */,
			);
			buildRules = (
			);
			dependencies = (
				09923DB12A5E0D2400D69651 /* PBXTargetDependency */,
			);
			name = esteeLauderUITests;
			productName = esteeLauderUITests;
			productReference = 09923DAF2A5E0D2400D69651 /* esteeLauderUITests.xctest */;
			productType = "com.apple.product-type.bundle.ui-testing";
		};
/* End PBXNativeTarget section */

/* Begin PBXProject section */
		09923D8D2A5E0D2200D69651 /* Project object */ = {
			isa = PBXProject;
			attributes = {
				BuildIndependentTargetsInParallel = 1;
				LastSwiftUpdateCheck = 1430;
				LastUpgradeCheck = 1430;
				TargetAttributes = {
					09923D942A5E0D2200D69651 = {
						CreatedOnToolsVersion = 14.3.1;
					};
					09923DA42A5E0D2400D69651 = {
						CreatedOnToolsVersion = 14.3.1;
						TestTargetID = 09923D942A5E0D2200D69651;
					};
					09923DAE2A5E0D2400D69651 = {
						CreatedOnToolsVersion = 14.3.1;
						TestTargetID = 09923D942A5E0D2200D69651;
					};
				};
			};
			buildConfigurationList = 09923D902A5E0D2200D69651 /* Build configuration list for PBXProject "esteeLauder" */;
			compatibilityVersion = "Xcode 14.0";
			developmentRegion = en;
			hasScannedForEncodings = 0;
			knownRegions = (
				en,
				Base,
			);
			mainGroup = 09923D8C2A5E0D2200D69651;
			productRefGroup = 09923D962A5E0D2200D69651 /* Products */;
			projectDirPath = "";
			projectRoot = "";
			targets = (
				09923D942A5E0D2200D69651 /* esteeLauder */,
				09923DA42A5E0D2400D69651 /* esteeLauderTests */,
				09923DAE2A5E0D2400D69651 /* esteeLauderUITests */,
			);
		};
/* End PBXProject section */

/* Begin PBXResourcesBuildPhase section */
		09923D932A5E0D2200D69651 /* Resources */ = {
			isa = PBXResourcesBuildPhase;
			buildActionMask = 2147483647;
			files = (
				09923DA02A5E0D2400D69651 /* Preview Assets.xcassets in Resources */,
				09923D9D2A5E0D2400D69651 /* Assets.xcassets in Resources */,
			);
			runOnlyForDeploymentPostprocessing = 0;
		};
		09923DA32A5E0D2400D69651 /* Resources */ = {
			isa = PBXResourcesBuildPhase;
			buildActionMask = 2147483647;
			files = (
			);
			runOnlyForDeploymentPostprocessing = 0;
		};
		09923DAD2A5E0D2400D69651 /* Resources */ = {
			isa = PBXResourcesBuildPhase;
			buildActionMask = 2147483647;
			files = (
			);
			runOnlyForDeploymentPostprocessing = 0;
		};
/* End PBXResourcesBuildPhase section */

/* Begin PBXSourcesBuildPhase section */
		09923D912A5E0D2200D69651 /* Sources */ = {
			isa = PBXSourcesBuildPhase;
			buildActionMask = 2147483647;
			files = (
				09923D9B2A5E0D2200D69651 /* ContentView.swift in Sources */,
				09923D992A5E0D2200D69651 /* esteeLauderApp.swift in Sources */,
				092210862A5FA23400A3D0C8 /* page2.swift in Sources */,
			);
			runOnlyForDeploymentPostprocessing = 0;
		};
		09923DA12A5E0D2400D69651 /* Sources */ = {
			isa = PBXSourcesBuildPhase;
			buildActionMask = 2147483647;
			files = (
				09923DAA2A5E0D2400D69651 /* esteeLauderTests.swift in Sources */,
			);
			runOnlyForDeploymentPostprocessing = 0;
		};
		09923DAB2A5E0D2400D69651 /* Sources */ = {
			isa = PBXSourcesBuildPhase;
			buildActionMask = 2147483647;
			files = (
				09923DB62A5E0D2400D69651 /* esteeLauderUITestsLaunchTests.swift in Sources */,
				09923DB42A5E0D2400D69651 /* esteeLauderUITests.swift in Sources */,
			);
			runOnlyForDeploymentPostprocessing = 0;
		};
/* End PBXSourcesBuildPhase section */

/* Begin PBXTargetDependency section */
		09923DA72A5E0D2400D69651 /* PBXTargetDependency */ = {
			isa = PBXTargetDependency;
			target = 09923D942A5E0D2200D69651 /* esteeLauder */;
			targetProxy = 09923DA62A5E0D2400D69651 /* PBXContainerItemProxy */;
		};
		09923DB12A5E0D2400D69651 /* PBXTargetDependency */ = {
			isa = PBXTargetDependency;
			target = 09923D942A5E0D2200D69651 /* esteeLauder */;
			targetProxy = 09923DB02A5E0D2400D69651 /* PBXContainerItemProxy */;
		};
/* End PBXTargetDependency section */

/* Begin XCBuildConfiguration section */
		09923DB72A5E0D2400D69651 /* Debug */ = {
			isa = XCBuildConfiguration;
			buildSettings = {
				ALWAYS_SEARCH_USER_PATHS = NO;
				CLANG_ANALYZER_NONNULL = YES;
				CLANG_ANALYZER_NUMBER_OBJECT_CONVERSION = YES_AGGRESSIVE;
				CLANG_CXX_LANGUAGE_STANDARD = "gnu++20";
				CLANG_ENABLE_MODULES = YES;
				CLANG_ENABLE_OBJC_ARC = YES;
				CLANG_ENABLE_OBJC_WEAK = YES;
				CLANG_WARN_BLOCK_CAPTURE_AUTORELEASING = YES;
				CLANG_WARN_BOOL_CONVERSION = YES;
				CLANG_WARN_COMMA = YES;
				CLANG_WARN_CONSTANT_CONVERSION = YES;
				CLANG_WARN_DEPRECATED_OBJC_IMPLEMENTATIONS = YES;
				CLANG_WARN_DIRECT_OBJC_ISA_USAGE = YES_ERROR;
				CLANG_WARN_DOCUMENTATION_COMMENTS = YES;
				CLANG_WARN_EMPTY_BODY = YES;
				CLANG_WARN_ENUM_CONVERSION = YES;
				CLANG_WARN_INFINITE_RECURSION = YES;
				CLANG_WARN_INT_CONVERSION = YES;
				CLANG_WARN_NON_LITERAL_NULL_CONVERSION = YES;
				CLANG_WARN_OBJC_IMPLICIT_RETAIN_SELF = YES;
				CLANG_WARN_OBJC_LITERAL_CONVERSION = YES;
				CLANG_WARN_OBJC_ROOT_CLASS = YES_ERROR;
				CLANG_WARN_QUOTED_INCLUDE_IN_FRAMEWORK_HEADER = YES;
				CLANG_WARN_RANGE_LOOP_ANALYSIS = YES;
				CLANG_WARN_STRICT_PROTOTYPES = YES;
				CLANG_WARN_SUSPICIOUS_MOVE = YES;
				CLANG_WARN_UNGUARDED_AVAILABILITY = YES_AGGRESSIVE;
				CLANG_WARN_UNREACHABLE_CODE = YES;
				CLANG_WARN__DUPLICATE_METHOD_MATCH = YES;
				COPY_PHASE_STRIP = NO;
				DEBUG_INFORMATION_FORMAT = dwarf;
				ENABLE_STRICT_OBJC_MSGSEND = YES;
				ENABLE_TESTABILITY = YES;
				GCC_C_LANGUAGE_STANDARD = gnu11;
				GCC_DYNAMIC_NO_PIC = NO;
				GCC_NO_COMMON_BLOCKS = YES;
				GCC_OPTIMIZATION_LEVEL = 0;
				GCC_PREPROCESSOR_DEFINITIONS = (
					"DEBUG=1",
					"$(inherited)",
				);
				GCC_WARN_64_TO_32_BIT_CONVERSION = YES;
				GCC_WARN_ABOUT_RETURN_TYPE = YES_ERROR;
				GCC_WARN_UNDECLARED_SELECTOR = YES;
				GCC_WARN_UNINITIALIZED_AUTOS = YES_AGGRESSIVE;
				GCC_WARN_UNUSED_FUNCTION = YES;
				GCC_WARN_UNUSED_VARIABLE = YES;
				IPHONEOS_DEPLOYMENT_TARGET = 16.4;
				MTL_ENABLE_DEBUG_INFO = INCLUDE_SOURCE;
				MTL_FAST_MATH = YES;
				ONLY_ACTIVE_ARCH = YES;
				SDKROOT = iphoneos;
				SWIFT_ACTIVE_COMPILATION_CONDITIONS = DEBUG;
				SWIFT_OPTIMIZATION_LEVEL = "-Onone";
			};
			name = Debug;
		};
		09923DB82A5E0D2400D69651 /* Release */ = {
			isa = XCBuildConfiguration;
			buildSettings = {
				ALWAYS_SEARCH_USER_PATHS = NO;
				CLANG_ANALYZER_NONNULL = YES;
				CLANG_ANALYZER_NUMBER_OBJECT_CONVERSION = YES_AGGRESSIVE;
				CLANG_CXX_LANGUAGE_STANDARD = "gnu++20";
				CLANG_ENABLE_MODULES = YES;
				CLANG_ENABLE_OBJC_ARC = YES;
				CLANG_ENABLE_OBJC_WEAK = YES;
				CLANG_WARN_BLOCK_CAPTURE_AUTORELEASING = YES;
				CLANG_WARN_BOOL_CONVERSION = YES;
				CLANG_WARN_COMMA = YES;
				CLANG_WARN_CONSTANT_CONVERSION = YES;
				CLANG_WARN_DEPRECATED_OBJC_IMPLEMENTATIONS = YES;
				CLANG_WARN_DIRECT_OBJC_ISA_USAGE = YES_ERROR;
				CLANG_WARN_DOCUMENTATION_COMMENTS = YES;
				CLANG_WARN_EMPTY_BODY = YES;
				CLANG_WARN_ENUM_CONVERSION = YES;
				CLANG_WARN_INFINITE_RECURSION = YES;
				CLANG_WARN_INT_CONVERSION = YES;
				CLANG_WARN_NON_LITERAL_NULL_CONVERSION = YES;
				CLANG_WARN_OBJC_IMPLICIT_RETAIN_SELF = YES;
				CLANG_WARN_OBJC_LITERAL_CONVERSION = YES;
				CLANG_WARN_OBJC_ROOT_CLASS = YES_ERROR;
				CLANG_WARN_QUOTED_INCLUDE_IN_FRAMEWORK_HEADER = YES;
				CLANG_WARN_RANGE_LOOP_ANALYSIS = YES;
				CLANG_WARN_STRICT_PROTOTYPES = YES;
				CLANG_WARN_SUSPICIOUS_MOVE = YES;
				CLANG_WARN_UNGUARDED_AVAILABILITY = YES_AGGRESSIVE;
				CLANG_WARN_UNREACHABLE_CODE = YES;
				CLANG_WARN__DUPLICATE_METHOD_MATCH = YES;
				COPY_PHASE_STRIP = NO;
				DEBUG_INFORMATION_FORMAT = "dwarf-with-dsym";
				ENABLE_NS_ASSERTIONS = NO;
				ENABLE_STRICT_OBJC_MSGSEND = YES;
				GCC_C_LANGUAGE_STANDARD = gnu11;
				GCC_NO_COMMON_BLOCKS = YES;
				GCC_WARN_64_TO_32_BIT_CONVERSION = YES;
				GCC_WARN_ABOUT_RETURN_TYPE = YES_ERROR;
				GCC_WARN_UNDECLARED_SELECTOR = YES;
				GCC_WARN_UNINITIALIZED_AUTOS = YES_AGGRESSIVE;
				GCC_WARN_UNUSED_FUNCTION = YES;
				GCC_WARN_UNUSED_VARIABLE = YES;
				IPHONEOS_DEPLOYMENT_TARGET = 16.4;
				MTL_ENABLE_DEBUG_INFO = NO;
				MTL_FAST_MATH = YES;
				SDKROOT = iphoneos;
				SWIFT_COMPILATION_MODE = wholemodule;
				SWIFT_OPTIMIZATION_LEVEL = "-O";
				VALIDATE_PRODUCT = YES;
			};
			name = Release;
		};
		09923DBA2A5E0D2400D69651 /* Debug */ = {
			isa = XCBuildConfiguration;
			buildSettings = {
				ASSETCATALOG_COMPILER_APPICON_NAME = AppIcon;
				ASSETCATALOG_COMPILER_GLOBAL_ACCENT_COLOR_NAME = AccentColor;
				CODE_SIGN_STYLE = Automatic;
				CURRENT_PROJECT_VERSION = 1;
				DEVELOPMENT_ASSET_PATHS = "\"esteeLauder/Preview Content\"";
				ENABLE_PREVIEWS = YES;
				GENERATE_INFOPLIST_FILE = YES;
				INFOPLIST_KEY_UIApplicationSceneManifest_Generation = YES;
				INFOPLIST_KEY_UIApplicationSupportsIndirectInputEvents = YES;
				INFOPLIST_KEY_UILaunchScreen_Generation = YES;
				INFOPLIST_KEY_UISupportedInterfaceOrientations_iPad = "UIInterfaceOrientationPortrait UIInterfaceOrientationPortraitUpsideDown UIInterfaceOrientationLandscapeLeft UIInterfaceOrientationLandscapeRight";
				INFOPLIST_KEY_UISupportedInterfaceOrientations_iPhone = "UIInterfaceOrientationPortrait UIInterfaceOrientationLandscapeLeft UIInterfaceOrientationLandscapeRight";
				LD_RUNPATH_SEARCH_PATHS = (
					"$(inherited)",
					"@executable_path/Frameworks",
				);
				MARKETING_VERSION = 1.0;
				PRODUCT_BUNDLE_IDENTIFIER = kwk.esteeLauder;
				PRODUCT_NAME = "$(TARGET_NAME)";
				SWIFT_EMIT_LOC_STRINGS = YES;
				SWIFT_VERSION = 5.0;
				TARGETED_DEVICE_FAMILY = "1,2";
			};
			name = Debug;
		};
		09923DBB2A5E0D2400D69651 /* Release */ = {
			isa = XCBuildConfiguration;
			buildSettings = {
				ASSETCATALOG_COMPILER_APPICON_NAME = AppIcon;
				ASSETCATALOG_COMPILER_GLOBAL_ACCENT_COLOR_NAME = AccentColor;
				CODE_SIGN_STYLE = Automatic;
				CURRENT_PROJECT_VERSION = 1;
				DEVELOPMENT_ASSET_PATHS = "\"esteeLauder/Preview Content\"";
				ENABLE_PREVIEWS = YES;
				GENERATE_INFOPLIST_FILE = YES;
				INFOPLIST_KEY_UIApplicationSceneManifest_Generation = YES;
				INFOPLIST_KEY_UIApplicationSupportsIndirectInputEvents = YES;
				INFOPLIST_KEY_UILaunchScreen_Generation = YES;
				INFOPLIST_KEY_UISupportedInterfaceOrientations_iPad = "UIInterfaceOrientationPortrait UIInterfaceOrientationPortraitUpsideDown UIInterfaceOrientationLandscapeLeft UIInterfaceOrientationLandscapeRight";
				INFOPLIST_KEY_UISupportedInterfaceOrientations_iPhone = "UIInterfaceOrientationPortrait UIInterfaceOrientationLandscapeLeft UIInterfaceOrientationLandscapeRight";
				LD_RUNPATH_SEARCH_PATHS = (
					"$(inherited)",
					"@executable_path/Frameworks",
				);
				MARKETING_VERSION = 1.0;
				PRODUCT_BUNDLE_IDENTIFIER = kwk.esteeLauder;
				PRODUCT_NAME = "$(TARGET_NAME)";
				SWIFT_EMIT_LOC_STRINGS = YES;
				SWIFT_VERSION = 5.0;
				TARGETED_DEVICE_FAMILY = "1,2";
			};
			name = Release;
		};
		09923DBD2A5E0D2400D69651 /* Debug */ = {
			isa = XCBuildConfiguration;
			buildSettings = {
				ALWAYS_EMBED_SWIFT_STANDARD_LIBRARIES = YES;
				BUNDLE_LOADER = "$(TEST_HOST)";
				CODE_SIGN_STYLE = Automatic;
				CURRENT_PROJECT_VERSION = 1;
				GENERATE_INFOPLIST_FILE = YES;
				IPHONEOS_DEPLOYMENT_TARGET = 16.4;
				MARKETING_VERSION = 1.0;
				PRODUCT_BUNDLE_IDENTIFIER = kwk.esteeLauderTests;
				PRODUCT_NAME = "$(TARGET_NAME)";
				SWIFT_EMIT_LOC_STRINGS = NO;
				SWIFT_VERSION = 5.0;
				TARGETED_DEVICE_FAMILY = "1,2";
				TEST_HOST = "$(BUILT_PRODUCTS_DIR)/esteeLauder.app/$(BUNDLE_EXECUTABLE_FOLDER_PATH)/esteeLauder";
			};
			name = Debug;
		};
		09923DBE2A5E0D2400D69651 /* Release */ = {
			isa = XCBuildConfiguration;
			buildSettings = {
				ALWAYS_EMBED_SWIFT_STANDARD_LIBRARIES = YES;
				BUNDLE_LOADER = "$(TEST_HOST)";
				CODE_SIGN_STYLE = Automatic;
				CURRENT_PROJECT_VERSION = 1;
				GENERATE_INFOPLIST_FILE = YES;
				IPHONEOS_DEPLOYMENT_TARGET = 16.4;
				MARKETING_VERSION = 1.0;
				PRODUCT_BUNDLE_IDENTIFIER = kwk.esteeLauderTests;
				PRODUCT_NAME = "$(TARGET_NAME)";
				SWIFT_EMIT_LOC_STRINGS = NO;
				SWIFT_VERSION = 5.0;
				TARGETED_DEVICE_FAMILY = "1,2";
				TEST_HOST = "$(BUILT_PRODUCTS_DIR)/esteeLauder.app/$(BUNDLE_EXECUTABLE_FOLDER_PATH)/esteeLauder";
			};
			name = Release;
		};
		09923DC02A5E0D2400D69651 /* Debug */ = {
			isa = XCBuildConfiguration;
			buildSettings = {
				ALWAYS_EMBED_SWIFT_STANDARD_LIBRARIES = YES;
				CODE_SIGN_STYLE = Automatic;
				CURRENT_PROJECT_VERSION = 1;
				GENERATE_INFOPLIST_FILE = YES;
				MARKETING_VERSION = 1.0;
				PRODUCT_BUNDLE_IDENTIFIER = kwk.esteeLauderUITests;
				PRODUCT_NAME = "$(TARGET_NAME)";
				SWIFT_EMIT_LOC_STRINGS = NO;
				SWIFT_VERSION = 5.0;
				TARGETED_DEVICE_FAMILY = "1,2";
				TEST_TARGET_NAME = esteeLauder;
			};
			name = Debug;
		};
		09923DC12A5E0D2400D69651 /* Release */ = {
			isa = XCBuildConfiguration;
			buildSettings = {
				ALWAYS_EMBED_SWIFT_STANDARD_LIBRARIES = YES;
				CODE_SIGN_STYLE = Automatic;
				CURRENT_PROJECT_VERSION = 1;
				GENERATE_INFOPLIST_FILE = YES;
				MARKETING_VERSION = 1.0;
				PRODUCT_BUNDLE_IDENTIFIER = kwk.esteeLauderUITests;
				PRODUCT_NAME = "$(TARGET_NAME)";
				SWIFT_EMIT_LOC_STRINGS = NO;
				SWIFT_VERSION = 5.0;
				TARGETED_DEVICE_FAMILY = "1,2";
				TEST_TARGET_NAME = esteeLauder;
			};
			name = Release;
		};
/* End XCBuildConfiguration section */

/* Begin XCConfigurationList section */
		09923D902A5E0D2200D69651 /* Build configuration list for PBXProject "esteeLauder" */ = {
			isa = XCConfigurationList;
			buildConfigurations = (
				09923DB72A5E0D2400D69651 /* Debug */,
				09923DB82A5E0D2400D69651 /* Release */,
			);
			defaultConfigurationIsVisible = 0;
			defaultConfigurationName = Release;
		};
		09923DB92A5E0D2400D69651 /* Build configuration list for PBXNativeTarget "esteeLauder" */ = {
			isa = XCConfigurationList;
			buildConfigurations = (
				09923DBA2A5E0D2400D69651 /* Debug */,
				09923DBB2A5E0D2400D69651 /* Release */,
			);
			defaultConfigurationIsVisible = 0;
			defaultConfigurationName = Release;
		};
		09923DBC2A5E0D2400D69651 /* Build configuration list for PBXNativeTarget "esteeLauderTests" */ = {
			isa = XCConfigurationList;
			buildConfigurations = (
				09923DBD2A5E0D2400D69651 /* Debug */,
				09923DBE2A5E0D2400D69651 /* Release */,
			);
			defaultConfigurationIsVisible = 0;
			defaultConfigurationName = Release;
		};
		09923DBF2A5E0D2400D69651 /* Build configuration list for PBXNativeTarget "esteeLauderUITests" */ = {
			isa = XCConfigurationList;
			buildConfigurations = (
				09923DC02A5E0D2400D69651 /* Debug */,
				09923DC12A5E0D2400D69651 /* Release */,
			);
			defaultConfigurationIsVisible = 0;
			defaultConfigurationName = Release;
		};
/* End XCConfigurationList section */
	};
	rootObject = 09923D8D2A5E0D2200D69651 /* Project object */;
}
